
Microsoft Visual Studio Solution File, Format Version 12.00
# Visual Studio 15
VisualStudioVersion = 15.0.27703.2026
MinimumVisualStudioVersion = 10.0.40219.1
Project("{FAE04EC0-301F-11D3-BF4B-00C04F79EFBC}") = "HUBDBConnector", "HUBDBConnector\HUBDBConnector.csproj", "{B97AF2BA-7CA8-415A-99D0-A5FE1DB35E7C}"
EndProject
Global
	GlobalSection(SolutionConfigurationPlatforms) = preSolution
		Debug|Any CPU = Debug|Any CPU
		Release|Any CPU = Release|Any CPU
	EndGlobalSection
	GlobalSection(ProjectConfigurationPlatforms) = postSolution
		{B97AF2BA-7CA8-415A-99D0-A5FE1DB35E7C}.Debug|Any CPU.ActiveCfg = Debug|Any CPU
		{B97AF2BA-7CA8-415A-99D0-A5FE1DB35E7C}.Debug|Any CPU.Build.0 = Debug|Any CPU
		{B97AF2BA-7CA8-415A-99D0-A5FE1DB35E7C}.Release|Any CPU.ActiveCfg = Release|Any CPU
		{B97AF2BA-7CA8-415A-99D0-A5FE1DB35E7C}.Release|Any CPU.Build.0 = Release|Any CPU
	EndGlobalSection
	GlobalSection(SolutionProperties) = preSolution
		HideSolutionNode = FALSE
	EndGlobalSection
	GlobalSection(ExtensibilityGlobals) = postSolution
		SolutionGuid = {7EF67185-A310-4EE7-A5B3-755613469222}
	EndGlobalSection
EndGlobal
